// !$*UTF8*$!
{
	archiveVersion = 1;
	classes = {
	};
	objectVersion = 50;
	objects = {

/* Begin PBXBuildFile section */
		D8AD239222EB85A6003DCF06 /* AppDelegate.swift in Sources */ = {isa = PBXBuildFile; fileRef = D8AD239122EB85A6003DCF06 /* AppDelegate.swift */; };
		D8AD239422EB85A6003DCF06 /* ViewController.swift in Sources */ = {isa = PBXBuildFile; fileRef = D8AD239322EB85A6003DCF06 /* ViewController.swift */; };
		D8AD239722EB85A6003DCF06 /* Main.storyboard in Resources */ = {isa = PBXBuildFile; fileRef = D8AD239522EB85A6003DCF06 /* Main.storyboard */; };
		D8AD239922EB85A8003DCF06 /* Assets.xcassets in Resources */ = {isa = PBXBuildFile; fileRef = D8AD239822EB85A8003DCF06 /* Assets.xcassets */; };
		D8AD239C22EB85A8003DCF06 /* LaunchScreen.storyboard in Resources */ = {isa = PBXBuildFile; fileRef = D8AD239A22EB85A8003DCF06 /* LaunchScreen.storyboard */; };
		D8AD23A422EB85CA003DCF06 /* ZoomableImageView.swift in Sources */ = {isa = PBXBuildFile; fileRef = D8AD23A322EB85CA003DCF06 /* ZoomableImageView.swift */; };
/* End PBXBuildFile section */

/* Begin PBXFileReference section */
		D8AD238E22EB85A6003DCF06 /* ZoomableImageViewSample.app */ = {isa = PBXFileReference; explicitFileType = wrapper.application; includeInIndex = 0; path = ZoomableImageViewSample.app; sourceTree = BUILT_PRODUCTS_DIR; };
		D8AD239122EB85A6003DCF06 /* AppDelegate.swift */ = {isa = PBXFileReference; lastKnownFileType = sourcecode.swift; path = AppDelegate.swift; sourceTree = "<group>"; };
		D8AD239322EB85A6003DCF06 /* ViewController.swift */ = {isa = PBXFileReference; lastKnownFileType = sourcecode.swift; path = ViewController.swift; sourceTree = "<group>"; };
		D8AD239622EB85A6003DCF06 /* Base */ = {isa = PBXFileReference; lastKnownFileType = file.storyboard; name = Base; path = Base.lproj/Main.storyboard; sourceTree = "<group>"; };
		D8AD239822EB85A8003DCF06 /* Assets.xcassets */ = {isa = PBXFileReference; lastKnownFileType = folder.assetcatalog; path = Assets.xcassets; sourceTree = "<group>"; };
		D8AD239B22EB85A8003DCF06 /* Base */ = {isa = PBXFileReference; lastKnownFileType = file.storyboard; name = Base; path = Base.lproj/LaunchScreen.storyboard; sourceTree = "<group>"; };
		D8AD239D22EB85A8003DCF06 /* Info.plist */ = {isa = PBXFileReference; lastKnownFileType = text.plist.xml; path = Info.plist; sourceTree = "<group>"; };
		D8AD23A322EB85CA003DCF06 /* ZoomableImageView.swift */ = {isa = PBXFileReference; lastKnownFileType = sourcecode.swift; path = ZoomableImageView.swift; sourceTree = "<group>"; };
/* End PBXFileReference section */

/* Begin PBXFrameworksBuildPhase section */
		D8AD238B22EB85A6003DCF06 /* Frameworks */ = {
			isa = PBXFrameworksBuildPhase;
			buildActionMask = 2147483647;
			files = (
			);
			runOnlyForDeploymentPostprocessing = 0;
		};
/* End PBXFrameworksBuildPhase section */

/* Begin PBXGroup section */
		D8AD238522EB85A6003DCF06 = {
			isa = PBXGroup;
			children = (
				D8AD239022EB85A6003DCF06 /* ZoomableImageViewSample */,
				D8AD238F22EB85A6003DCF06 /* Products */,
			);
			sourceTree = "<group>";
		};
		D8AD238F22EB85A6003DCF06 /* Products */ = {
			isa = PBXGroup;
			children = (
				D8AD238E22EB85A6003DCF06 /* ZoomableImageViewSample.app */,
			);
			name = Products;
			sourceTree = "<group>";
		};
		D8AD239022EB85A6003DCF06 /* ZoomableImageViewSample */ = {
			isa = PBXGroup;
			children = (
				D8AD239122EB85A6003DCF06 /* AppDelegate.swift */,
				D8AD239322EB85A6003DCF06 /* ViewController.swift */,
				D8AD239522EB85A6003DCF06 /* Main.storyboard */,
				D8AD239822EB85A8003DCF06 /* Assets.xcassets */,
				D8AD239A22EB85A8003DCF06 /* LaunchScreen.storyboard */,
				D8AD239D22EB85A8003DCF06 /* Info.plist */,
				D8AD23A322EB85CA003DCF06 /* ZoomableImageView.swift */,
			);
			path = ZoomableImageViewSample;
			sourceTree = "<group>";
		};
/* End PBXGroup section */

/* Begin PBXNativeTarget section */
		D8AD238D22EB85A6003DCF06 /* ZoomableImageViewSample */ = {
			isa = PBXNativeTarget;
			buildConfigurationList = D8AD23A022EB85A8003DCF06 /* Build configuration list for PBXNativeTarget "ZoomableImageViewSample" */;
			buildPhases = (
				D8AD238A22EB85A6003DCF06 /* Sources */,
				D8AD238B22EB85A6003DCF06 /* Frameworks */,
				D8AD238C22EB85A6003DCF06 /* Resources */,
			);
			buildRules = (
			);
			dependencies = (
			);
			name = ZoomableImageViewSample;
			productName = ZoomableImageViewSample;
			productReference = D8AD238E22EB85A6003DCF06 /* ZoomableImageViewSample.app */;
			productType = "com.apple.product-type.application";
		};
/* End PBXNativeTarget section */

/* Begin PBXProject section */
		D8AD238622EB85A6003DCF06 /* Project object */ = {
			isa = PBXProject;
			attributes = {
				LastSwiftUpdateCheck = 1020;
				LastUpgradeCheck = 1020;
				ORGANIZATIONNAME = "Saber Hossain";
				TargetAttributes = {
					D8AD238D22EB85A6003DCF06 = {
						CreatedOnToolsVersion = 10.2.1;
					};
				};
			};
			buildConfigurationList = D8AD238922EB85A6003DCF06 /* Build configuration list for PBXProject "ZoomableImageViewSample" */;
			compatibilityVersion = "Xcode 9.3";
			developmentRegion = en;
			hasScannedForEncodings = 0;
			knownRegions = (
				en,
				Base,
			);
			mainGroup = D8AD238522EB85A6003DCF06;
			productRefGroup = D8AD238F22EB85A6003DCF06 /* Products */;
			projectDirPath = "";
			projectRoot = "";
			targets = (
				D8AD238D22EB85A6003DCF06 /* ZoomableImageViewSample */,
			);
		};
/* End PBXProject section */

/* Begin PBXResourcesBuildPhase section */
		D8AD238C22EB85A6003DCF06 /* Resources */ = {
			isa = PBXResourcesBuildPhase;
			buildActionMask = 2147483647;
			files = (
				D8AD239C22EB85A8003DCF06 /* LaunchScreen.storyboard in Resources */,
				D8AD239922EB85A8003DCF06 /* Assets.xcassets in Resources */,
				D8AD239722EB85A6003DCF06 /* Main.storyboard in Resources */,
			);
			runOnlyForDeploymentPostprocessing = 0;
		};
/* End PBXResourcesBuildPhase section */

/* Begin PBXSourcesBuildPhase section */
		D8AD238A22EB85A6003DCF06 /* Sources */ = {
			isa = PBXSourcesBuildPhase;
			buildActionMask = 2147483647;
			files = (
				D8AD239422EB85A6003DCF06 /* ViewController.swift in Sources */,
				D8AD239222EB85A6003DCF06 /* AppDelegate.swift in Sources */,
				D8AD23A422EB85CA003DCF06 /* ZoomableImageView.swift in Sources */,
			);
			runOnlyForDeploymentPostprocessing = 0;
		};
/* End PBXSourcesBuildPhase section */

/* Begin PBXVariantGroup section */
		D8AD239522EB85A6003DCF06 /* Main.storyboard */ = {
			isa = PBXVariantGroup;
			children = (
				D8AD239622EB85A6003DCF06 /* Base */,
			);
			name = Main.storyboard;
			sourceTree = "<group>";
		};
		D8AD239A22EB85A8003DCF06 /* LaunchScreen.storyboard */ = {
			isa = PBXVariantGroup;
			children = (
				D8AD239B22EB85A8003DCF06 /* Base */,
			);
			name = LaunchScreen.storyboard;
			sourceTree = "<group>";
		};
/* End PBXVariantGroup section */

/* Begin XCBuildConfiguration section */
		D8AD239E22EB85A8003DCF06 /* Debug */ = {
			isa = XCBuildConfiguration;
			buildSettings = {
				ALWAYS_SEARCH_USER_PATHS = NO;
				CLANG_ANALYZER_NONNULL = YES;
				CLANG_ANALYZER_NUMBER_OBJECT_CONVERSION = YES_AGGRESSIVE;
				CLANG_CXX_LANGUAGE_STANDARD = "gnu++14";
				CLANG_CXX_LIBRARY = "libc++";
				CLANG_ENABLE_MODULES = YES;
				CLANG_ENABLE_OBJC_ARC = YES;
				CLANG_ENABLE_OBJC_WEAK = YES;
				CLANG_WARN_BLOCK_CAPTURE_AUTORELEASING = YES;
				CLANG_WARN_BOOL_CONVERSION = YES;
				CLANG_WARN_COMMA = YES;
				CLANG_WARN_CONSTANT_CONVERSION = YES;
				CLANG_WARN_DEPRECATED_OBJC_IMPLEMENTATIONS = YES;
				CLANG_WARN_DIRECT_OBJC_ISA_USAGE = YES_ERROR;
				CLANG_WARN_DOCUMENTATION_COMMENTS = YES;
				CLANG_WARN_EMPTY_BODY = YES;
				CLANG_WARN_ENUM_CONVERSION = YES;
				CLANG_WARN_INFINITE_RECURSION = YES;
				CLANG_WARN_INT_CONVERSION = YES;
				CLANG_WARN_NON_LITERAL_NULL_CONVERSION = YES;
				CLANG_WARN_OBJC_IMPLICIT_RETAIN_SELF = YES;
				CLANG_WARN_OBJC_LITERAL_CONVERSION = YES;
				CLANG_WARN_OBJC_ROOT_CLASS = YES_ERROR;
				CLANG_WARN_RANGE_LOOP_ANALYSIS = YES;
				CLANG_WARN_STRICT_PROTOTYPES = YES;
				CLANG_WARN_SUSPICIOUS_MOVE = YES;
				CLANG_WARN_UNGUARDED_AVAILABILITY = YES_AGGRESSIVE;
				CLANG_WARN_UNREACHABLE_CODE = YES;
				CLANG_WARN__DUPLICATE_METHOD_MATCH = YES;
				CODE_SIGN_IDENTITY = "iPhone Developer";
				COPY_PHASE_STRIP = NO;
				DEBUG_INFORMATION_FORMAT = dwarf;
				ENABLE_STRICT_OBJC_MSGSEND = YES;
				ENABLE_TESTABILITY = YES;
				GCC_C_LANGUAGE_STANDARD = gnu11;
				GCC_DYNAMIC_NO_PIC = NO;
				GCC_NO_COMMON_BLOCKS = YES;
				GCC_OPTIMIZATION_LEVEL = 0;
				GCC_PREPROCESSOR_DEFINITIONS = (
					"DEBUG=1",
					"$(inherited)",
				);
				GCC_WARN_64_TO_32_BIT_CONVERSION = YES;
				GCC_WARN_ABOUT_RETURN_TYPE = YES_ERROR;
				GCC_WARN_UNDECLARED_SELECTOR = YES;
				GCC_WARN_UNINITIALIZED_AUTOS = YES_AGGRESSIVE;
				GCC_WARN_UNUSED_FUNCTION = YES;
				GCC_WARN_UNUSED_VARIABLE = YES;
				IPHONEOS_DEPLOYMENT_TARGET = 12.2;
				MTL_ENABLE_DEBUG_INFO = INCLUDE_SOURCE;
				MTL_FAST_MATH = YES;
				ONLY_ACTIVE_ARCH = YES;
				SDKROOT = iphoneos;
				SWIFT_ACTIVE_COMPILATION_CONDITIONS = DEBUG;
				SWIFT_OPTIMIZATION_LEVEL = "-Onone";
			};
			name = Debug;
		};
		D8AD239F22EB85A8003DCF06 /* Release */ = {
			isa = XCBuildConfiguration;
			buildSettings = {
				ALWAYS_SEARCH_USER_PATHS = NO;
				CLANG_ANALYZER_NONNULL = YES;
				CLANG_ANALYZER_NUMBER_OBJECT_CONVERSION = YES_AGGRESSIVE;
				CLANG_CXX_LANGUAGE_STANDARD = "gnu++14";
				CLANG_CXX_LIBRARY = "libc++";
				CLANG_ENABLE_MODULES = YES;
				CLANG_ENABLE_OBJC_ARC = YES;
				CLANG_ENABLE_OBJC_WEAK = YES;
				CLANG_WARN_BLOCK_CAPTURE_AUTORELEASING = YES;
				CLANG_WARN_BOOL_CONVERSION = YES;
				CLANG_WARN_COMMA = YES;
				CLANG_WARN_CONSTANT_CONVERSION = YES;
				CLANG_WARN_DEPRECATED_OBJC_IMPLEMENTATIONS = YES;
				CLANG_WARN_DIRECT_OBJC_ISA_USAGE = YES_ERROR;
				CLANG_WARN_DOCUMENTATION_COMMENTS = YES;
				CLANG_WARN_EMPTY_BODY = YES;
				CLANG_WARN_ENUM_CONVERSION = YES;
				CLANG_WARN_INFINITE_RECURSION = YES;
				CLANG_WARN_INT_CONVERSION = YES;
				CLANG_WARN_NON_LITERAL_NULL_CONVERSION = YES;
				CLANG_WARN_OBJC_IMPLICIT_RETAIN_SELF = YES;
				CLANG_WARN_OBJC_LITERAL_CONVERSION = YES;
				CLANG_WARN_OBJC_ROOT_CLASS = YES_ERROR;
				CLANG_WARN_RANGE_LOOP_ANALYSIS = YES;
				CLANG_WARN_STRICT_PROTOTYPES = YES;
				CLANG_WARN_SUSPICIOUS_MOVE = YES;
				CLANG_WARN_UNGUARDED_AVAILABILITY = YES_AGGRESSIVE;
				CLANG_WARN_UNREACHABLE_CODE = YES;
				CLANG_WARN__DUPLICATE_METHOD_MATCH = YES;
				CODE_SIGN_IDENTITY = "iPhone Developer";
				COPY_PHASE_STRIP = NO;
				DEBUG_INFORMATION_FORMAT = "dwarf-with-dsym";
				ENABLE_NS_ASSERTIONS = NO;
				ENABLE_STRICT_OBJC_MSGSEND = YES;
				GCC_C_LANGUAGE_STANDARD = gnu11;
				GCC_NO_COMMON_BLOCKS = YES;
				GCC_WARN_64_TO_32_BIT_CONVERSION = YES;
				GCC_WARN_ABOUT_RETURN_TYPE = YES_ERROR;
				GCC_WARN_UNDECLARED_SELECTOR = YES;
				GCC_WARN_UNINITIALIZED_AUTOS = YES_AGGRESSIVE;
				GCC_WARN_UNUSED_FUNCTION = YES;
				GCC_WARN_UNUSED_VARIABLE = YES;
				IPHONEOS_DEPLOYMENT_TARGET = 12.2;
				MTL_ENABLE_DEBUG_INFO = NO;
				MTL_FAST_MATH = YES;
				SDKROOT = iphoneos;
				SWIFT_COMPILATION_MODE = wholemodule;
				SWIFT_OPTIMIZATION_LEVEL = "-O";
				VALIDATE_PRODUCT = YES;
			};
			name = Release;
		};
		D8AD23A122EB85A8003DCF06 /* Debug */ = {
			isa = XCBuildConfiguration;
			buildSettings = {
				ASSETCATALOG_COMPILER_APPICON_NAME = AppIcon;
				CODE_SIGN_STYLE = Automatic;
				DEVELOPMENT_TEAM = XYSCZDXKR7;
				INFOPLIST_FILE = ZoomableImageViewSample/Info.plist;
				LD_RUNPATH_SEARCH_PATHS = (
					"$(inherited)",
					"@executable_path/Frameworks",
				);
				PRODUCT_BUNDLE_IDENTIFIER = com.saber.ZoomableImageViewSample;
				PRODUCT_NAME = "$(TARGET_NAME)";
				SWIFT_VERSION = 5.0;
				TARGETED_DEVICE_FAMILY = "1,2";
			};
			name = Debug;
		};
		D8AD23A222EB85A8003DCF06 /* Release */ = {
			isa = XCBuildConfiguration;
			buildSettings = {
				ASSETCATALOG_COMPILER_APPICON_NAME = AppIcon;
				CODE_SIGN_STYLE = Automatic;
				DEVELOPMENT_TEAM = XYSCZDXKR7;
				INFOPLIST_FILE = ZoomableImageViewSample/Info.plist;
				LD_RUNPATH_SEARCH_PATHS = (
					"$(inherited)",
					"@executable_path/Frameworks",
				);
				PRODUCT_BUNDLE_IDENTIFIER = com.saber.ZoomableImageViewSample;
				PRODUCT_NAME = "$(TARGET_NAME)";
				SWIFT_VERSION = 5.0;
				TARGETED_DEVICE_FAMILY = "1,2";
			};
			name = Release;
		};
/* End XCBuildConfiguration section */

/* Begin XCConfigurationList section */
		D8AD238922EB85A6003DCF06 /* Build configuration list for PBXProject "ZoomableImageViewSample" */ = {
			isa = XCConfigurationList;
			buildConfigurations = (
				D8AD239E22EB85A8003DCF06 /* Debug */,
				D8AD239F22EB85A8003DCF06 /* Release */,
			);
			defaultConfigurationIsVisible = 0;
			defaultConfigurationName = Release;
		};
		D8AD23A022EB85A8003DCF06 /* Build configuration list for PBXNativeTarget "ZoomableImageViewSample" */ = {
			isa = XCConfigurationList;
			buildConfigurations = (
				D8AD23A122EB85A8003DCF06 /* Debug */,
				D8AD23A222EB85A8003DCF06 /* Release */,
			);
			defaultConfigurationIsVisible = 0;
			defaultConfigurationName = Release;
		};
/* End XCConfigurationList section */
	};
	rootObject = D8AD238622EB85A6003DCF06 /* Project object */;
}
